
Microsoft Visual Studio Solution File, Format Version 12.00
# Visual Studio Version 16
VisualStudioVersion = 16.0.30114.105
MinimumVisualStudioVersion = 10.0.40219.1
Project("{2150E333-8FDC-42A3-9474-1A3956D46DE8}") = "src", "src", "{1B0E4BA0-EEA8-4625-8B5D-5C95454EB4B8}"
EndProject
Project("{2150E333-8FDC-42A3-9474-1A3956D46DE8}") = "Services", "Services", "{5DA6520E-DB86-45F4-A6C2-E4770038FC05}"
EndProject
Project("{2150E333-8FDC-42A3-9474-1A3956D46DE8}") = "Availability", "Availability", "{5AB59D6E-D9F5-44BD-AED5-48EA261B9421}"
EndProject
Project("{FAE04EC0-301F-11D3-BF4B-00C04F79EFBC}") = "MySpot.Services.Availability.Api", "src\Services\Availability\MySpot.Services.Availability.Api\MySpot.Services.Availability.Api.csproj", "{A5A0DD97-41D4-421E-A592-082DC7B68364}"
EndProject
Project("{FAE04EC0-301F-11D3-BF4B-00C04F79EFBC}") = "MySpot.Services.Availability.Application", "src\Services\Availability\MySpot.Services.Availability.Application\MySpot.Services.Availability.Application.csproj", "{DFED934E-9225-486D-967F-DF7C9563F854}"
EndProject
Project("{FAE04EC0-301F-11D3-BF4B-00C04F79EFBC}") = "MySpot.Services.Availability.Core", "src\Services\Availability\MySpot.Services.Availability.Core\MySpot.Services.Availability.Core.csproj", "{FAF7585B-6E2D-4133-87FD-2D5A03CF31AF}"
EndProject
Project("{FAE04EC0-301F-11D3-BF4B-00C04F79EFBC}") = "MySpot.Services.Availability.Infrastructure", "src\Services\Availability\MySpot.Services.Availability.Infrastructure\MySpot.Services.Availability.Infrastructure.csproj", "{92088758-F4E3-4680-84ED-A6064AFC3238}"
EndProject
Project("{2150E333-8FDC-42A3-9474-1A3956D46DE8}") = "Mapping", "Mapping", "{8430B303-7B0A-4647-89E3-796EBA6ECD43}"
EndProject
Project("{FAE04EC0-301F-11D3-BF4B-00C04F79EFBC}") = "MySpot.Services.Mapping.Api", "src\Services\Mapping\MySpot.Services.Mapping.Api\MySpot.Services.Mapping.Api.csproj", "{ADE4A098-114C-4537-A704-471FB92FD264}"
EndProject
Project("{2150E333-8FDC-42A3-9474-1A3956D46DE8}") = "ParkingSpots", "ParkingSpots", "{18401CAB-3954-4867-8693-F7901837AC3F}"
EndProject
Project("{FAE04EC0-301F-11D3-BF4B-00C04F79EFBC}") = "MySpot.Services.ParkingSpots.Api", "src\Services\ParkingSpots\MySpot.Services.ParkingSpots.Api\MySpot.Services.ParkingSpots.Api.csproj", "{0E9A2288-8602-41B5-8296-8F75670D1C8E}"
EndProject
Project("{FAE04EC0-301F-11D3-BF4B-00C04F79EFBC}") = "MySpot.Services.ParkingSpots.Core", "src\Services\ParkingSpots\MySpot.Services.ParkingSpots.Core\MySpot.Services.ParkingSpots.Core.csproj", "{6F49D20B-4A34-4EA5-B08D-911B0F253F8A}"
EndProject
Project("{2150E333-8FDC-42A3-9474-1A3956D46DE8}") = "Reservations", "Reservations", "{B210C0CF-4983-4420-9086-9A16DFE0BE43}"
EndProject
Project("{FAE04EC0-301F-11D3-BF4B-00C04F79EFBC}") = "MySpot.Services.Reservations.Api", "src\Services\Reservations\MySpot.Services.Reservations.Api\MySpot.Services.Reservations.Api.csproj", "{D68EA3CC-B428-455A-809C-46124D0FD8D8}"
EndProject
Project("{FAE04EC0-301F-11D3-BF4B-00C04F79EFBC}") = "MySpot.Services.Reservations.Application", "src\Services\Reservations\MySpot.Services.Reservations.Application\MySpot.Services.Reservations.Application.csproj", "{F306E0B6-E286-44EE-938C-8544F622566E}"
EndProject
Project("{FAE04EC0-301F-11D3-BF4B-00C04F79EFBC}") = "MySpot.Services.Reservations.Core", "src\Services\Reservations\MySpot.Services.Reservations.Core\MySpot.Services.Reservations.Core.csproj", "{35C9CDD7-E255-459A-A2CD-D6EC74CD7AA3}"
EndProject
Project("{FAE04EC0-301F-11D3-BF4B-00C04F79EFBC}") = "MySpot.Services.Reservations.Infrastructure", "src\Services\Reservations\MySpot.Services.Reservations.Infrastructure\MySpot.Services.Reservations.Infrastructure.csproj", "{03640AE6-5399-428E-97F1-66021A6A3867}"
EndProject
Project("{2150E333-8FDC-42A3-9474-1A3956D46DE8}") = "Users", "Users", "{9A777BFA-6E01-4CED-B584-1787A39868C1}"
EndProject
Project("{FAE04EC0-301F-11D3-BF4B-00C04F79EFBC}") = "MySpot.Services.Users.Api", "src\Services\Users\MySpot.Services.Users.Api\MySpot.Services.Users.Api.csproj", "{6178FA31-B53E-452A-B921-B3E6CF519CDF}"
EndProject
Project("{FAE04EC0-301F-11D3-BF4B-00C04F79EFBC}") = "MySpot.Services.Users.Core", "src\Services\Users\MySpot.Services.Users.Core\MySpot.Services.Users.Core.csproj", "{47E6606E-5F13-428D-B488-5AC6CD0A030A}"
EndProject
Project("{2150E333-8FDC-42A3-9474-1A3956D46DE8}") = "Framework", "Framework", "{1B1E4C1E-8B2A-4330-AAE2-DE2588C776F5}"
EndProject
Project("{FAE04EC0-301F-11D3-BF4B-00C04F79EFBC}") = "Micro.API", "src\Framework\Micro.API\Micro.API.csproj", "{45E58910-86D0-4068-BDCF-E5492552CC17}"
EndProject
Project("{FAE04EC0-301F-11D3-BF4B-00C04F79EFBC}") = "Micro.Auth", "src\Framework\Micro.Auth\Micro.Auth.csproj", "{ED676DFD-8205-406E-8CE4-44B94122E512}"
EndProject
Project("{FAE04EC0-301F-11D3-BF4B-00C04F79EFBC}") = "Micro.Contexts", "src\Framework\Micro.Contexts\Micro.Contexts.csproj", "{AEB6155E-0AD9-400F-9B4A-480C1FA1EF3A}"
EndProject
Project("{FAE04EC0-301F-11D3-BF4B-00C04F79EFBC}") = "Micro.DAL.Postgres", "src\Framework\Micro.DAL.Postgres\Micro.DAL.Postgres.csproj", "{9199A560-D656-4B5D-8DC8-606E77586458}"
EndProject
Project("{FAE04EC0-301F-11D3-BF4B-00C04F79EFBC}") = "Micro.Framework", "src\Framework\Micro.Framework\Micro.Framework.csproj", "{77A39841-D62C-44B0-BD31-5D7588800E74}"
EndProject
Project("{FAE04EC0-301F-11D3-BF4B-00C04F79EFBC}") = "Micro.HTTP", "src\Framework\Micro.HTTP\Micro.HTTP.csproj", "{90DBE49C-1EBE-481F-A941-E3EA84C7FBE8}"
EndProject
Project("{FAE04EC0-301F-11D3-BF4B-00C04F79EFBC}") = "Micro.Observability", "src\Framework\Micro.Observability\Micro.Observability.csproj", "{5B957796-5469-47CC-B67F-FFAA373A7341}"
EndProject
Project("{FAE04EC0-301F-11D3-BF4B-00C04F79EFBC}") = "Micro.Security", "src\Framework\Micro.Security\Micro.Security.csproj", "{DF62EB75-113F-4270-A5D9-E2B3DB234F80}"
EndProject
Project("{FAE04EC0-301F-11D3-BF4B-00C04F79EFBC}") = "Micro.Testing", "src\Framework\Micro.Testing\Micro.Testing.csproj", "{68E61C3E-FDAB-472F-ACC5-9D3CB7D5A348}"
EndProject
Project("{FAE04EC0-301F-11D3-BF4B-00C04F79EFBC}") = "Micro", "src\Framework\Micro\Micro.csproj", "{CB2206B3-6310-43C6-866C-CFCBCA32EC1E}"
EndProject
Project("{2150E333-8FDC-42A3-9474-1A3956D46DE8}") = "External", "External", "{0FAF213F-29D8-4497-96B5-3934514C98E8}"
EndProject
Project("{2150E333-8FDC-42A3-9474-1A3956D46DE8}") = "Mailing", "Mailing", "{E643DF78-5834-4073-8984-B567E6FF1E40}"
EndProject
Project("{FAE04EC0-301F-11D3-BF4B-00C04F79EFBC}") = "External.Mailing.Api", "src\External\Mailing\External.Mailing.Api\External.Mailing.Api.csproj", "{7E89D045-6777-4046-9828-05E30BEA27E1}"
EndProject
Project("{2150E333-8FDC-42A3-9474-1A3956D46DE8}") = "Notifications", "Notifications", "{F45CB878-BAEF-4266-B763-19D1F9F18D24}"
EndProject
Project("{FAE04EC0-301F-11D3-BF4B-00C04F79EFBC}") = "MySpot.Services.Notifications.Api", "src\Services\Notifications\MySpot.Services.Notifications.Api\MySpot.Services.Notifications.Api.csproj", "{30606915-E896-41BB-85C1-6308FBA39C7F}"
EndProject
Project("{FAE04EC0-301F-11D3-BF4B-00C04F79EFBC}") = "MySpot.Services.Reservations.Tests.Integration", "src\Services\Reservations\MySpot.Services.Reservations.Tests.Integration\MySpot.Services.Reservations.Tests.Integration.csproj", "{DCC4DD46-C689-42D5-A196-3576411342E5}"
EndProject
Project("{FAE04EC0-301F-11D3-BF4B-00C04F79EFBC}") = "MySpot.Services.Reservations.Tests.EndToEnd", "src\Services\Reservations\MySpot.Services.Reservations.Tests.EndToEnd\MySpot.Services.Reservations.Tests.EndToEnd.csproj", "{0DF1E08A-F94F-4A83-8EB1-B8F814B1BFA5}"
EndProject
Project("{FAE04EC0-301F-11D3-BF4B-00C04F79EFBC}") = "MySpot.Services.Availability.Tests.Integration", "src\Services\Availability\MySpot.Services.Availability.Tests.Integration\MySpot.Services.Availability.Tests.Integration.csproj", "{DCEFA3C7-2E91-4754-BA1C-8315C9DADC88}"
EndProject
Project("{FAE04EC0-301F-11D3-BF4B-00C04F79EFBC}") = "MySpot.Services.Availability.Tests.EndToEnd", "src\Services\Availability\MySpot.Services.Availability.Tests.EndToEnd\MySpot.Services.Availability.Tests.EndToEnd.csproj", "{E72E2060-2C70-4DCF-AE42-95F6E3574876}"
EndProject
Project("{FAE04EC0-301F-11D3-BF4B-00C04F79EFBC}") = "Micro.DAL.Mongo", "src\Framework\Micro.DAL.Mongo\Micro.DAL.Mongo.csproj", "{2C1A410B-2F45-474A-B119-3A36EA0FB1FB}"
EndProject
Project("{FAE04EC0-301F-11D3-BF4B-00C04F79EFBC}") = "Micro.DAL.Redis", "src\Framework\Micro.DAL.Redis\Micro.DAL.Redis.csproj", "{F3E8CCF7-E436-43A8-AB80-8F29014BCADC}"
EndProject
Global
	GlobalSection(SolutionConfigurationPlatforms) = preSolution
		Debug|Any CPU = Debug|Any CPU
		Release|Any CPU = Release|Any CPU
	EndGlobalSection
	GlobalSection(SolutionProperties) = preSolution
		HideSolutionNode = FALSE
	EndGlobalSection
	GlobalSection(ProjectConfigurationPlatforms) = postSolution
		{A5A0DD97-41D4-421E-A592-082DC7B68364}.Debug|Any CPU.ActiveCfg = Debug|Any CPU
		{A5A0DD97-41D4-421E-A592-082DC7B68364}.Debug|Any CPU.Build.0 = Debug|Any CPU
		{A5A0DD97-41D4-421E-A592-082DC7B68364}.Release|Any CPU.ActiveCfg = Release|Any CPU
		{A5A0DD97-41D4-421E-A592-082DC7B68364}.Release|Any CPU.Build.0 = Release|Any CPU
		{DFED934E-9225-486D-967F-DF7C9563F854}.Debug|Any CPU.ActiveCfg = Debug|Any CPU
		{DFED934E-9225-486D-967F-DF7C9563F854}.Debug|Any CPU.Build.0 = Debug|Any CPU
		{DFED934E-9225-486D-967F-DF7C9563F854}.Release|Any CPU.ActiveCfg = Release|Any CPU
		{DFED934E-9225-486D-967F-DF7C9563F854}.Release|Any CPU.Build.0 = Release|Any CPU
		{FAF7585B-6E2D-4133-87FD-2D5A03CF31AF}.Debug|Any CPU.ActiveCfg = Debug|Any CPU
		{FAF7585B-6E2D-4133-87FD-2D5A03CF31AF}.Debug|Any CPU.Build.0 = Debug|Any CPU
		{FAF7585B-6E2D-4133-87FD-2D5A03CF31AF}.Release|Any CPU.ActiveCfg = Release|Any CPU
		{FAF7585B-6E2D-4133-87FD-2D5A03CF31AF}.Release|Any CPU.Build.0 = Release|Any CPU
		{92088758-F4E3-4680-84ED-A6064AFC3238}.Debug|Any CPU.ActiveCfg = Debug|Any CPU
		{92088758-F4E3-4680-84ED-A6064AFC3238}.Debug|Any CPU.Build.0 = Debug|Any CPU
		{92088758-F4E3-4680-84ED-A6064AFC3238}.Release|Any CPU.ActiveCfg = Release|Any CPU
		{92088758-F4E3-4680-84ED-A6064AFC3238}.Release|Any CPU.Build.0 = Release|Any CPU
		{ADE4A098-114C-4537-A704-471FB92FD264}.Debug|Any CPU.ActiveCfg = Debug|Any CPU
		{ADE4A098-114C-4537-A704-471FB92FD264}.Debug|Any CPU.Build.0 = Debug|Any CPU
		{ADE4A098-114C-4537-A704-471FB92FD264}.Release|Any CPU.ActiveCfg = Release|Any CPU
		{ADE4A098-114C-4537-A704-471FB92FD264}.Release|Any CPU.Build.0 = Release|Any CPU
		{0E9A2288-8602-41B5-8296-8F75670D1C8E}.Debug|Any CPU.ActiveCfg = Debug|Any CPU
		{0E9A2288-8602-41B5-8296-8F75670D1C8E}.Debug|Any CPU.Build.0 = Debug|Any CPU
		{0E9A2288-8602-41B5-8296-8F75670D1C8E}.Release|Any CPU.ActiveCfg = Release|Any CPU
		{0E9A2288-8602-41B5-8296-8F75670D1C8E}.Release|Any CPU.Build.0 = Release|Any CPU
		{6F49D20B-4A34-4EA5-B08D-911B0F253F8A}.Debug|Any CPU.ActiveCfg = Debug|Any CPU
		{6F49D20B-4A34-4EA5-B08D-911B0F253F8A}.Debug|Any CPU.Build.0 = Debug|Any CPU
		{6F49D20B-4A34-4EA5-B08D-911B0F253F8A}.Release|Any CPU.ActiveCfg = Release|Any CPU
		{6F49D20B-4A34-4EA5-B08D-911B0F253F8A}.Release|Any CPU.Build.0 = Release|Any CPU
		{D68EA3CC-B428-455A-809C-46124D0FD8D8}.Debug|Any CPU.ActiveCfg = Debug|Any CPU
		{D68EA3CC-B428-455A-809C-46124D0FD8D8}.Debug|Any CPU.Build.0 = Debug|Any CPU
		{D68EA3CC-B428-455A-809C-46124D0FD8D8}.Release|Any CPU.ActiveCfg = Release|Any CPU
		{D68EA3CC-B428-455A-809C-46124D0FD8D8}.Release|Any CPU.Build.0 = Release|Any CPU
		{F306E0B6-E286-44EE-938C-8544F622566E}.Debug|Any CPU.ActiveCfg = Debug|Any CPU
		{F306E0B6-E286-44EE-938C-8544F622566E}.Debug|Any CPU.Build.0 = Debug|Any CPU
		{F306E0B6-E286-44EE-938C-8544F622566E}.Release|Any CPU.ActiveCfg = Release|Any CPU
		{F306E0B6-E286-44EE-938C-8544F622566E}.Release|Any CPU.Build.0 = Release|Any CPU
		{35C9CDD7-E255-459A-A2CD-D6EC74CD7AA3}.Debug|Any CPU.ActiveCfg = Debug|Any CPU
		{35C9CDD7-E255-459A-A2CD-D6EC74CD7AA3}.Debug|Any CPU.Build.0 = Debug|Any CPU
		{35C9CDD7-E255-459A-A2CD-D6EC74CD7AA3}.Release|Any CPU.ActiveCfg = Release|Any CPU
		{35C9CDD7-E255-459A-A2CD-D6EC74CD7AA3}.Release|Any CPU.Build.0 = Release|Any CPU
		{03640AE6-5399-428E-97F1-66021A6A3867}.Debug|Any CPU.ActiveCfg = Debug|Any CPU
		{03640AE6-5399-428E-97F1-66021A6A3867}.Debug|Any CPU.Build.0 = Debug|Any CPU
		{03640AE6-5399-428E-97F1-66021A6A3867}.Release|Any CPU.ActiveCfg = Release|Any CPU
		{03640AE6-5399-428E-97F1-66021A6A3867}.Release|Any CPU.Build.0 = Release|Any CPU
		{6178FA31-B53E-452A-B921-B3E6CF519CDF}.Debug|Any CPU.ActiveCfg = Debug|Any CPU
		{6178FA31-B53E-452A-B921-B3E6CF519CDF}.Debug|Any CPU.Build.0 = Debug|Any CPU
		{6178FA31-B53E-452A-B921-B3E6CF519CDF}.Release|Any CPU.ActiveCfg = Release|Any CPU
		{6178FA31-B53E-452A-B921-B3E6CF519CDF}.Release|Any CPU.Build.0 = Release|Any CPU
		{47E6606E-5F13-428D-B488-5AC6CD0A030A}.Debug|Any CPU.ActiveCfg = Debug|Any CPU
		{47E6606E-5F13-428D-B488-5AC6CD0A030A}.Debug|Any CPU.Build.0 = Debug|Any CPU
		{47E6606E-5F13-428D-B488-5AC6CD0A030A}.Release|Any CPU.ActiveCfg = Release|Any CPU
		{47E6606E-5F13-428D-B488-5AC6CD0A030A}.Release|Any CPU.Build.0 = Release|Any CPU
		{45E58910-86D0-4068-BDCF-E5492552CC17}.Debug|Any CPU.ActiveCfg = Debug|Any CPU
		{45E58910-86D0-4068-BDCF-E5492552CC17}.Debug|Any CPU.Build.0 = Debug|Any CPU
		{45E58910-86D0-4068-BDCF-E5492552CC17}.Release|Any CPU.ActiveCfg = Release|Any CPU
		{45E58910-86D0-4068-BDCF-E5492552CC17}.Release|Any CPU.Build.0 = Release|Any CPU
		{ED676DFD-8205-406E-8CE4-44B94122E512}.Debug|Any CPU.ActiveCfg = Debug|Any CPU
		{ED676DFD-8205-406E-8CE4-44B94122E512}.Debug|Any CPU.Build.0 = Debug|Any CPU
		{ED676DFD-8205-406E-8CE4-44B94122E512}.Release|Any CPU.ActiveCfg = Release|Any CPU
		{ED676DFD-8205-406E-8CE4-44B94122E512}.Release|Any CPU.Build.0 = Release|Any CPU
		{AEB6155E-0AD9-400F-9B4A-480C1FA1EF3A}.Debug|Any CPU.ActiveCfg = Debug|Any CPU
		{AEB6155E-0AD9-400F-9B4A-480C1FA1EF3A}.Debug|Any CPU.Build.0 = Debug|Any CPU
		{AEB6155E-0AD9-400F-9B4A-480C1FA1EF3A}.Release|Any CPU.ActiveCfg = Release|Any CPU
		{AEB6155E-0AD9-400F-9B4A-480C1FA1EF3A}.Release|Any CPU.Build.0 = Release|Any CPU
		{9199A560-D656-4B5D-8DC8-606E77586458}.Debug|Any CPU.ActiveCfg = Debug|Any CPU
		{9199A560-D656-4B5D-8DC8-606E77586458}.Debug|Any CPU.Build.0 = Debug|Any CPU
		{9199A560-D656-4B5D-8DC8-606E77586458}.Release|Any CPU.ActiveCfg = Release|Any CPU
		{9199A560-D656-4B5D-8DC8-606E77586458}.Release|Any CPU.Build.0 = Release|Any CPU
		{77A39841-D62C-44B0-BD31-5D7588800E74}.Debug|Any CPU.ActiveCfg = Debug|Any CPU
		{77A39841-D62C-44B0-BD31-5D7588800E74}.Debug|Any CPU.Build.0 = Debug|Any CPU
		{77A39841-D62C-44B0-BD31-5D7588800E74}.Release|Any CPU.ActiveCfg = Release|Any CPU
		{77A39841-D62C-44B0-BD31-5D7588800E74}.Release|Any CPU.Build.0 = Release|Any CPU
		{90DBE49C-1EBE-481F-A941-E3EA84C7FBE8}.Debug|Any CPU.ActiveCfg = Debug|Any CPU
		{90DBE49C-1EBE-481F-A941-E3EA84C7FBE8}.Debug|Any CPU.Build.0 = Debug|Any CPU
		{90DBE49C-1EBE-481F-A941-E3EA84C7FBE8}.Release|Any CPU.ActiveCfg = Release|Any CPU
		{90DBE49C-1EBE-481F-A941-E3EA84C7FBE8}.Release|Any CPU.Build.0 = Release|Any CPU
		{5B957796-5469-47CC-B67F-FFAA373A7341}.Debug|Any CPU.ActiveCfg = Debug|Any CPU
		{5B957796-5469-47CC-B67F-FFAA373A7341}.Debug|Any CPU.Build.0 = Debug|Any CPU
		{5B957796-5469-47CC-B67F-FFAA373A7341}.Release|Any CPU.ActiveCfg = Release|Any CPU
		{5B957796-5469-47CC-B67F-FFAA373A7341}.Release|Any CPU.Build.0 = Release|Any CPU
		{DF62EB75-113F-4270-A5D9-E2B3DB234F80}.Debug|Any CPU.ActiveCfg = Debug|Any CPU
		{DF62EB75-113F-4270-A5D9-E2B3DB234F80}.Debug|Any CPU.Build.0 = Debug|Any CPU
		{DF62EB75-113F-4270-A5D9-E2B3DB234F80}.Release|Any CPU.ActiveCfg = Release|Any CPU
		{DF62EB75-113F-4270-A5D9-E2B3DB234F80}.Release|Any CPU.Build.0 = Release|Any CPU
		{68E61C3E-FDAB-472F-ACC5-9D3CB7D5A348}.Debug|Any CPU.ActiveCfg = Debug|Any CPU
		{68E61C3E-FDAB-472F-ACC5-9D3CB7D5A348}.Debug|Any CPU.Build.0 = Debug|Any CPU
		{68E61C3E-FDAB-472F-ACC5-9D3CB7D5A348}.Release|Any CPU.ActiveCfg = Release|Any CPU
		{68E61C3E-FDAB-472F-ACC5-9D3CB7D5A348}.Release|Any CPU.Build.0 = Release|Any CPU
		{CB2206B3-6310-43C6-866C-CFCBCA32EC1E}.Debug|Any CPU.ActiveCfg = Debug|Any CPU
		{CB2206B3-6310-43C6-866C-CFCBCA32EC1E}.Debug|Any CPU.Build.0 = Debug|Any CPU
		{CB2206B3-6310-43C6-866C-CFCBCA32EC1E}.Release|Any CPU.ActiveCfg = Release|Any CPU
		{CB2206B3-6310-43C6-866C-CFCBCA32EC1E}.Release|Any CPU.Build.0 = Release|Any CPU
		{7E89D045-6777-4046-9828-05E30BEA27E1}.Debug|Any CPU.ActiveCfg = Debug|Any CPU
		{7E89D045-6777-4046-9828-05E30BEA27E1}.Debug|Any CPU.Build.0 = Debug|Any CPU
		{7E89D045-6777-4046-9828-05E30BEA27E1}.Release|Any CPU.ActiveCfg = Release|Any CPU
		{7E89D045-6777-4046-9828-05E30BEA27E1}.Release|Any CPU.Build.0 = Release|Any CPU
		{30606915-E896-41BB-85C1-6308FBA39C7F}.Debug|Any CPU.ActiveCfg = Debug|Any CPU
		{30606915-E896-41BB-85C1-6308FBA39C7F}.Debug|Any CPU.Build.0 = Debug|Any CPU
		{30606915-E896-41BB-85C1-6308FBA39C7F}.Release|Any CPU.ActiveCfg = Release|Any CPU
		{30606915-E896-41BB-85C1-6308FBA39C7F}.Release|Any CPU.Build.0 = Release|Any CPU
		{DCC4DD46-C689-42D5-A196-3576411342E5}.Debug|Any CPU.ActiveCfg = Debug|Any CPU
		{DCC4DD46-C689-42D5-A196-3576411342E5}.Debug|Any CPU.Build.0 = Debug|Any CPU
		{DCC4DD46-C689-42D5-A196-3576411342E5}.Release|Any CPU.ActiveCfg = Release|Any CPU
		{DCC4DD46-C689-42D5-A196-3576411342E5}.Release|Any CPU.Build.0 = Release|Any CPU
		{0DF1E08A-F94F-4A83-8EB1-B8F814B1BFA5}.Debug|Any CPU.ActiveCfg = Debug|Any CPU
		{0DF1E08A-F94F-4A83-8EB1-B8F814B1BFA5}.Debug|Any CPU.Build.0 = Debug|Any CPU
		{0DF1E08A-F94F-4A83-8EB1-B8F814B1BFA5}.Release|Any CPU.ActiveCfg = Release|Any CPU
		{0DF1E08A-F94F-4A83-8EB1-B8F814B1BFA5}.Release|Any CPU.Build.0 = Release|Any CPU
		{DCEFA3C7-2E91-4754-BA1C-8315C9DADC88}.Debug|Any CPU.ActiveCfg = Debug|Any CPU
		{DCEFA3C7-2E91-4754-BA1C-8315C9DADC88}.Debug|Any CPU.Build.0 = Debug|Any CPU
		{DCEFA3C7-2E91-4754-BA1C-8315C9DADC88}.Release|Any CPU.ActiveCfg = Release|Any CPU
		{DCEFA3C7-2E91-4754-BA1C-8315C9DADC88}.Release|Any CPU.Build.0 = Release|Any CPU
		{E72E2060-2C70-4DCF-AE42-95F6E3574876}.Debug|Any CPU.ActiveCfg = Debug|Any CPU
		{E72E2060-2C70-4DCF-AE42-95F6E3574876}.Debug|Any CPU.Build.0 = Debug|Any CPU
		{E72E2060-2C70-4DCF-AE42-95F6E3574876}.Release|Any CPU.ActiveCfg = Release|Any CPU
		{E72E2060-2C70-4DCF-AE42-95F6E3574876}.Release|Any CPU.Build.0 = Release|Any CPU
		{2C1A410B-2F45-474A-B119-3A36EA0FB1FB}.Debug|Any CPU.ActiveCfg = Debug|Any CPU
		{2C1A410B-2F45-474A-B119-3A36EA0FB1FB}.Debug|Any CPU.Build.0 = Debug|Any CPU
		{2C1A410B-2F45-474A-B119-3A36EA0FB1FB}.Release|Any CPU.ActiveCfg = Release|Any CPU
		{2C1A410B-2F45-474A-B119-3A36EA0FB1FB}.Release|Any CPU.Build.0 = Release|Any CPU
		{F3E8CCF7-E436-43A8-AB80-8F29014BCADC}.Debug|Any CPU.ActiveCfg = Debug|Any CPU
		{F3E8CCF7-E436-43A8-AB80-8F29014BCADC}.Debug|Any CPU.Build.0 = Debug|Any CPU
		{F3E8CCF7-E436-43A8-AB80-8F29014BCADC}.Release|Any CPU.ActiveCfg = Release|Any CPU
		{F3E8CCF7-E436-43A8-AB80-8F29014BCADC}.Release|Any CPU.Build.0 = Release|Any CPU
	EndGlobalSection
	GlobalSection(NestedProjects) = preSolution
		{5DA6520E-DB86-45F4-A6C2-E4770038FC05} = {1B0E4BA0-EEA8-4625-8B5D-5C95454EB4B8}
		{5AB59D6E-D9F5-44BD-AED5-48EA261B9421} = {5DA6520E-DB86-45F4-A6C2-E4770038FC05}
		{A5A0DD97-41D4-421E-A592-082DC7B68364} = {5AB59D6E-D9F5-44BD-AED5-48EA261B9421}
		{DFED934E-9225-486D-967F-DF7C9563F854} = {5AB59D6E-D9F5-44BD-AED5-48EA261B9421}
		{FAF7585B-6E2D-4133-87FD-2D5A03CF31AF} = {5AB59D6E-D9F5-44BD-AED5-48EA261B9421}
		{92088758-F4E3-4680-84ED-A6064AFC3238} = {5AB59D6E-D9F5-44BD-AED5-48EA261B9421}
		{8430B303-7B0A-4647-89E3-796EBA6ECD43} = {5DA6520E-DB86-45F4-A6C2-E4770038FC05}
		{ADE4A098-114C-4537-A704-471FB92FD264} = {8430B303-7B0A-4647-89E3-796EBA6ECD43}
		{18401CAB-3954-4867-8693-F7901837AC3F} = {5DA6520E-DB86-45F4-A6C2-E4770038FC05}
		{0E9A2288-8602-41B5-8296-8F75670D1C8E} = {18401CAB-3954-4867-8693-F7901837AC3F}
		{6F49D20B-4A34-4EA5-B08D-911B0F253F8A} = {18401CAB-3954-4867-8693-F7901837AC3F}
		{B210C0CF-4983-4420-9086-9A16DFE0BE43} = {5DA6520E-DB86-45F4-A6C2-E4770038FC05}
		{D68EA3CC-B428-455A-809C-46124D0FD8D8} = {B210C0CF-4983-4420-9086-9A16DFE0BE43}
		{F306E0B6-E286-44EE-938C-8544F622566E} = {B210C0CF-4983-4420-9086-9A16DFE0BE43}
		{35C9CDD7-E255-459A-A2CD-D6EC74CD7AA3} = {B210C0CF-4983-4420-9086-9A16DFE0BE43}
		{03640AE6-5399-428E-97F1-66021A6A3867} = {B210C0CF-4983-4420-9086-9A16DFE0BE43}
		{9A777BFA-6E01-4CED-B584-1787A39868C1} = {5DA6520E-DB86-45F4-A6C2-E4770038FC05}
		{6178FA31-B53E-452A-B921-B3E6CF519CDF} = {9A777BFA-6E01-4CED-B584-1787A39868C1}
		{47E6606E-5F13-428D-B488-5AC6CD0A030A} = {9A777BFA-6E01-4CED-B584-1787A39868C1}
		{1B1E4C1E-8B2A-4330-AAE2-DE2588C776F5} = {1B0E4BA0-EEA8-4625-8B5D-5C95454EB4B8}
		{45E58910-86D0-4068-BDCF-E5492552CC17} = {1B1E4C1E-8B2A-4330-AAE2-DE2588C776F5}
		{ED676DFD-8205-406E-8CE4-44B94122E512} = {1B1E4C1E-8B2A-4330-AAE2-DE2588C776F5}
		{AEB6155E-0AD9-400F-9B4A-480C1FA1EF3A} = {1B1E4C1E-8B2A-4330-AAE2-DE2588C776F5}
		{9199A560-D656-4B5D-8DC8-606E77586458} = {1B1E4C1E-8B2A-4330-AAE2-DE2588C776F5}
		{77A39841-D62C-44B0-BD31-5D7588800E74} = {1B1E4C1E-8B2A-4330-AAE2-DE2588C776F5}
		{90DBE49C-1EBE-481F-A941-E3EA84C7FBE8} = {1B1E4C1E-8B2A-4330-AAE2-DE2588C776F5}
		{5B957796-5469-47CC-B67F-FFAA373A7341} = {1B1E4C1E-8B2A-4330-AAE2-DE2588C776F5}
		{DF62EB75-113F-4270-A5D9-E2B3DB234F80} = {1B1E4C1E-8B2A-4330-AAE2-DE2588C776F5}
		{68E61C3E-FDAB-472F-ACC5-9D3CB7D5A348} = {1B1E4C1E-8B2A-4330-AAE2-DE2588C776F5}
		{CB2206B3-6310-43C6-866C-CFCBCA32EC1E} = {1B1E4C1E-8B2A-4330-AAE2-DE2588C776F5}
		{0FAF213F-29D8-4497-96B5-3934514C98E8} = {1B0E4BA0-EEA8-4625-8B5D-5C95454EB4B8}
		{E643DF78-5834-4073-8984-B567E6FF1E40} = {0FAF213F-29D8-4497-96B5-3934514C98E8}
		{7E89D045-6777-4046-9828-05E30BEA27E1} = {E643DF78-5834-4073-8984-B567E6FF1E40}
		{F45CB878-BAEF-4266-B763-19D1F9F18D24} = {5DA6520E-DB86-45F4-A6C2-E4770038FC05}
		{30606915-E896-41BB-85C1-6308FBA39C7F} = {F45CB878-BAEF-4266-B763-19D1F9F18D24}
		{DCC4DD46-C689-42D5-A196-3576411342E5} = {B210C0CF-4983-4420-9086-9A16DFE0BE43}
		{0DF1E08A-F94F-4A83-8EB1-B8F814B1BFA5} = {B210C0CF-4983-4420-9086-9A16DFE0BE43}
		{DCEFA3C7-2E91-4754-BA1C-8315C9DADC88} = {5AB59D6E-D9F5-44BD-AED5-48EA261B9421}
		{E72E2060-2C70-4DCF-AE42-95F6E3574876} = {5AB59D6E-D9F5-44BD-AED5-48EA261B9421}
		{2C1A410B-2F45-474A-B119-3A36EA0FB1FB} = {1B1E4C1E-8B2A-4330-AAE2-DE2588C776F5}
		{F3E8CCF7-E436-43A8-AB80-8F29014BCADC} = {1B1E4C1E-8B2A-4330-AAE2-DE2588C776F5}
	EndGlobalSection
EndGlobal
